github.com/fogfish/curie v1.4.0 h1:XnpuD0muirpSb2sGxGSNkGx3O5HB2dvsGJaOJ3zNw0A=
github.com/fogfish/curie v1.4.0/go.mod h1:jPv7pg4hHd8Ug/USG29ZA2bAwlRfh/iinY90/30ATGg=
github.com/fogfish/it v0.9.1 h1:Pu+qgqBV2ilZDzZzPIbUIhMIkdpHgbGUsdEwVQvBxNQ=
github.com/fogfish/it v0.9.1/go.mod h1:NQJG4Ygvek85y7zGj0Gny8+6ygAnHjfBORhI7TdQhp4=
