github.com/fogfish/curie/v2 v2.0.1 h1:gWr6/JEN80Y3vqJ85Nd8dXpi4ClzIxl//27Q5qMNZjc=
github.com/fogfish/curie/v2 v2.0.1/go.mod h1:MIL/V8UaM+gY/KyGXMXUM4QXc5TynJS0rwrVwNvV51o=
github.com/fogfish/it/v2 v2.1.0 h1:S4ZvyuUOAeEDxWp1aFFsmR+m0VaNnTFlq2woe/uD1ng=
github.com/fogfish/it/v2 v2.1.0/go.mod h1:HHwufnTaZTvlRVnSesPl49HzzlMrQtweKbf+8Co/ll4=
